// !$*UTF8*$!
{
	archiveVersion = 1;
	classes = {
	};
	objectVersion = 46;
	objects = {

/* Begin PBXBuildFile section */
		2E3948C91DAD2DE3003ECE0D /* main.swift in Sources */ = {isa = PBXBuildFile; fileRef = 2E3948C81DAD2DE3003ECE0D /* main.swift */; };
		2E3948D01DAD2E26003ECE0D /* io.swift in Sources */ = {isa = PBXBuildFile; fileRef = 2E3948CF1DAD2E26003ECE0D /* io.swift */; };
		2E3948D21DAD2E36003ECE0D /* interactive.swift in Sources */ = {isa = PBXBuildFile; fileRef = 2E3948D11DAD2E36003ECE0D /* interactive.swift */; };
		2E7D89651DAEB131004335A3 /* Zoo.swift in Sources */ = {isa = PBXBuildFile; fileRef = 2E7D89641DAEB131004335A3 /* Zoo.swift */; };
		2E7D89671DAED300004335A3 /* Animal.swift in Sources */ = {isa = PBXBuildFile; fileRef = 2E7D89661DAED300004335A3 /* Animal.swift */; };
		2EFC488F1DAFD33D00602738 /* People.swift in Sources */ = {isa = PBXBuildFile; fileRef = 2EFC488E1DAFD33D00602738 /* People.swift */; };
/* End PBXBuildFile section */

/* Begin PBXCopyFilesBuildPhase section */
		2E3948C31DAD2DE3003ECE0D /* CopyFiles */ = {
			isa = PBXCopyFilesBuildPhase;
			buildActionMask = 2147483647;
			dstPath = /usr/share/man/man1/;
			dstSubfolderSpec = 0;
			files = (
			);
			runOnlyForDeploymentPostprocessing = 1;
		};
/* End PBXCopyFilesBuildPhase section */

/* Begin PBXFileReference section */
		2E3948C51DAD2DE3003ECE0D /* zooSKC */ = {isa = PBXFileReference; explicitFileType = "compiled.mach-o.executable"; includeInIndex = 0; path = zooSKC; sourceTree = BUILT_PRODUCTS_DIR; };
		2E3948C81DAD2DE3003ECE0D /* main.swift */ = {isa = PBXFileReference; lastKnownFileType = sourcecode.swift; path = main.swift; sourceTree = "<group>"; };
		2E3948CF1DAD2E26003ECE0D /* io.swift */ = {isa = PBXFileReference; fileEncoding = 4; lastKnownFileType = sourcecode.swift; path = io.swift; sourceTree = "<group>"; };
		2E3948D11DAD2E36003ECE0D /* interactive.swift */ = {isa = PBXFileReference; fileEncoding = 4; lastKnownFileType = sourcecode.swift; path = interactive.swift; sourceTree = "<group>"; };
		2E7D89641DAEB131004335A3 /* Zoo.swift */ = {isa = PBXFileReference; fileEncoding = 4; lastKnownFileType = sourcecode.swift; path = Zoo.swift; sourceTree = "<group>"; };
		2E7D89661DAED300004335A3 /* Animal.swift */ = {isa = PBXFileReference; fileEncoding = 4; lastKnownFileType = sourcecode.swift; path = Animal.swift; sourceTree = "<group>"; };
		2EFC488E1DAFD33D00602738 /* People.swift */ = {isa = PBXFileReference; fileEncoding = 4; lastKnownFileType = sourcecode.swift; path = People.swift; sourceTree = "<group>"; };
/* End PBXFileReference section */

/* Begin PBXFrameworksBuildPhase section */
		2E3948C21DAD2DE3003ECE0D /* Frameworks */ = {
			isa = PBXFrameworksBuildPhase;
			buildActionMask = 2147483647;
			files = (
			);
			runOnlyForDeploymentPostprocessing = 0;
		};
/* End PBXFrameworksBuildPhase section */

/* Begin PBXGroup section */
		2E3948BC1DAD2DE3003ECE0D = {
			isa = PBXGroup;
			children = (
				2E3948C71DAD2DE3003ECE0D /* zooSKC */,
				2E3948C61DAD2DE3003ECE0D /* Products */,
			);
			sourceTree = "<group>";
		};
		2E3948C61DAD2DE3003ECE0D /* Products */ = {
			isa = PBXGroup;
			children = (
				2E3948C51DAD2DE3003ECE0D /* zooSKC */,
			);
			name = Products;
			sourceTree = "<group>";
		};
		2E3948C71DAD2DE3003ECE0D /* zooSKC */ = {
			isa = PBXGroup;
			children = (
				2E3948C81DAD2DE3003ECE0D /* main.swift */,
				2E3948CF1DAD2E26003ECE0D /* io.swift */,
				2E3948D11DAD2E36003ECE0D /* interactive.swift */,
				2E7D89641DAEB131004335A3 /* Zoo.swift */,
				2E7D89661DAED300004335A3 /* Animal.swift */,
				2EFC488E1DAFD33D00602738 /* People.swift */,
			);
			path = zooSKC;
			sourceTree = "<group>";
		};
/* End PBXGroup section */

/* Begin PBXNativeTarget section */
		2E3948C41DAD2DE3003ECE0D /* zooSKC */ = {
			isa = PBXNativeTarget;
			buildConfigurationList = 2E3948CC1DAD2DE3003ECE0D /* Build configuration list for PBXNativeTarget "zooSKC" */;
			buildPhases = (
				2E3948C11DAD2DE3003ECE0D /* Sources */,
				2E3948C21DAD2DE3003ECE0D /* Frameworks */,
				2E3948C31DAD2DE3003ECE0D /* CopyFiles */,
			);
			buildRules = (
			);
			dependencies = (
			);
			name = zooSKC;
			productName = zooSKC;
			productReference = 2E3948C51DAD2DE3003ECE0D /* zooSKC */;
			productType = "com.apple.product-type.tool";
		};
/* End PBXNativeTarget section */

/* Begin PBXProject section */
		2E3948BD1DAD2DE3003ECE0D /* Project object */ = {
			isa = PBXProject;
			attributes = {
				LastSwiftUpdateCheck = 0800;
				LastUpgradeCheck = 0800;
				ORGANIZATIONNAME = Interapt;
				TargetAttributes = {
					2E3948C41DAD2DE3003ECE0D = {
						CreatedOnToolsVersion = 8.0;
						ProvisioningStyle = Automatic;
					};
				};
			};
			buildConfigurationList = 2E3948C01DAD2DE3003ECE0D /* Build configuration list for PBXProject "zooSKC" */;
			compatibilityVersion = "Xcode 3.2";
			developmentRegion = English;
			hasScannedForEncodings = 0;
			knownRegions = (
				en,
			);
			mainGroup = 2E3948BC1DAD2DE3003ECE0D;
			productRefGroup = 2E3948C61DAD2DE3003ECE0D /* Products */;
			projectDirPath = "";
			projectRoot = "";
			targets = (
				2E3948C41DAD2DE3003ECE0D /* zooSKC */,
			);
		};
/* End PBXProject section */

/* Begin PBXSourcesBuildPhase section */
		2E3948C11DAD2DE3003ECE0D /* Sources */ = {
			isa = PBXSourcesBuildPhase;
			buildActionMask = 2147483647;
			files = (
				2E3948C91DAD2DE3003ECE0D /* main.swift in Sources */,
				2E7D89651DAEB131004335A3 /* Zoo.swift in Sources */,
				2E3948D21DAD2E36003ECE0D /* interactive.swift in Sources */,
				2E3948D01DAD2E26003ECE0D /* io.swift in Sources */,
				2EFC488F1DAFD33D00602738 /* People.swift in Sources */,
				2E7D89671DAED300004335A3 /* Animal.swift in Sources */,
			);
			runOnlyForDeploymentPostprocessing = 0;
		};
/* End PBXSourcesBuildPhase section */

/* Begin XCBuildConfiguration section */
		2E3948CA1DAD2DE3003ECE0D /* Debug */ = {
			isa = XCBuildConfiguration;
			buildSettings = {
				ALWAYS_SEARCH_USER_PATHS = NO;
				CLANG_ANALYZER_NONNULL = YES;
				CLANG_CXX_LANGUAGE_STANDARD = "gnu++0x";
				CLANG_CXX_LIBRARY = "libc++";
				CLANG_ENABLE_MODULES = YES;
				CLANG_ENABLE_OBJC_ARC = YES;
				CLANG_WARN_BOOL_CONVERSION = YES;
				CLANG_WARN_CONSTANT_CONVERSION = YES;
				CLANG_WARN_DIRECT_OBJC_ISA_USAGE = YES_ERROR;
				CLANG_WARN_DOCUMENTATION_COMMENTS = YES;
				CLANG_WARN_EMPTY_BODY = YES;
				CLANG_WARN_ENUM_CONVERSION = YES;
				CLANG_WARN_INFINITE_RECURSION = YES;
				CLANG_WARN_INT_CONVERSION = YES;
				CLANG_WARN_OBJC_ROOT_CLASS = YES_ERROR;
				CLANG_WARN_SUSPICIOUS_MOVES = YES;
				CLANG_WARN_UNREACHABLE_CODE = YES;
				CLANG_WARN__DUPLICATE_METHOD_MATCH = YES;
				CODE_SIGN_IDENTITY = "-";
				COPY_PHASE_STRIP = NO;
				DEBUG_INFORMATION_FORMAT = dwarf;
				ENABLE_STRICT_OBJC_MSGSEND = YES;
				ENABLE_TESTABILITY = YES;
				GCC_C_LANGUAGE_STANDARD = gnu99;
				GCC_DYNAMIC_NO_PIC = NO;
				GCC_NO_COMMON_BLOCKS = YES;
				GCC_OPTIMIZATION_LEVEL = 0;
				GCC_PREPROCESSOR_DEFINITIONS = (
					"DEBUG=1",
					"$(inherited)",
				);
				GCC_WARN_64_TO_32_BIT_CONVERSION = YES;
				GCC_WARN_ABOUT_RETURN_TYPE = YES_ERROR;
				GCC_WARN_UNDECLARED_SELECTOR = YES;
				GCC_WARN_UNINITIALIZED_AUTOS = YES_AGGRESSIVE;
				GCC_WARN_UNUSED_FUNCTION = YES;
				GCC_WARN_UNUSED_VARIABLE = YES;
				MACOSX_DEPLOYMENT_TARGET = 10.11;
				MTL_ENABLE_DEBUG_INFO = YES;
				ONLY_ACTIVE_ARCH = YES;
				SDKROOT = macosx;
				SWIFT_OPTIMIZATION_LEVEL = "-Onone";
			};
			name = Debug;
		};
		2E3948CB1DAD2DE3003ECE0D /* Release */ = {
			isa = XCBuildConfiguration;
			buildSettings = {
				ALWAYS_SEARCH_USER_PATHS = NO;
				CLANG_ANALYZER_NONNULL = YES;
				CLANG_CXX_LANGUAGE_STANDARD = "gnu++0x";
				CLANG_CXX_LIBRARY = "libc++";
				CLANG_ENABLE_MODULES = YES;
				CLANG_ENABLE_OBJC_ARC = YES;
				CLANG_WARN_BOOL_CONVERSION = YES;
				CLANG_WARN_CONSTANT_CONVERSION = YES;
				CLANG_WARN_DIRECT_OBJC_ISA_USAGE = YES_ERROR;
				CLANG_WARN_DOCUMENTATION_COMMENTS = YES;
				CLANG_WARN_EMPTY_BODY = YES;
				CLANG_WARN_ENUM_CONVERSION = YES;
				CLANG_WARN_INFINITE_RECURSION = YES;
				CLANG_WARN_INT_CONVERSION = YES;
				CLANG_WARN_OBJC_ROOT_CLASS = YES_ERROR;
				CLANG_WARN_SUSPICIOUS_MOVES = YES;
				CLANG_WARN_UNREACHABLE_CODE = YES;
				CLANG_WARN__DUPLICATE_METHOD_MATCH = YES;
				CODE_SIGN_IDENTITY = "-";
				COPY_PHASE_STRIP = NO;
				DEBUG_INFORMATION_FORMAT = "dwarf-with-dsym";
				ENABLE_NS_ASSERTIONS = NO;
				ENABLE_STRICT_OBJC_MSGSEND = YES;
				GCC_C_LANGUAGE_STANDARD = gnu99;
				GCC_NO_COMMON_BLOCKS = YES;
				GCC_WARN_64_TO_32_BIT_CONVERSION = YES;
				GCC_WARN_ABOUT_RETURN_TYPE = YES_ERROR;
				GCC_WARN_UNDECLARED_SELECTOR = YES;
				GCC_WARN_UNINITIALIZED_AUTOS = YES_AGGRESSIVE;
				GCC_WARN_UNUSED_FUNCTION = YES;
				GCC_WARN_UNUSED_VARIABLE = YES;
				MACOSX_DEPLOYMENT_TARGET = 10.11;
				MTL_ENABLE_DEBUG_INFO = NO;
				SDKROOT = macosx;
			};
			name = Release;
		};
		2E3948CD1DAD2DE3003ECE0D /* Debug */ = {
			isa = XCBuildConfiguration;
			buildSettings = {
				PRODUCT_NAME = "$(TARGET_NAME)";
				SWIFT_VERSION = 3.0;
			};
			name = Debug;
		};
		2E3948CE1DAD2DE3003ECE0D /* Release */ = {
			isa = XCBuildConfiguration;
			buildSettings = {
				PRODUCT_NAME = "$(TARGET_NAME)";
				SWIFT_VERSION = 3.0;
			};
			name = Release;
		};
/* End XCBuildConfiguration section */

/* Begin XCConfigurationList section */
		2E3948C01DAD2DE3003ECE0D /* Build configuration list for PBXProject "zooSKC" */ = {
			isa = XCConfigurationList;
			buildConfigurations = (
				2E3948CA1DAD2DE3003ECE0D /* Debug */,
				2E3948CB1DAD2DE3003ECE0D /* Release */,
			);
			defaultConfigurationIsVisible = 0;
			defaultConfigurationName = Release;
		};
		2E3948CC1DAD2DE3003ECE0D /* Build configuration list for PBXNativeTarget "zooSKC" */ = {
			isa = XCConfigurationList;
			buildConfigurations = (
				2E3948CD1DAD2DE3003ECE0D /* Debug */,
				2E3948CE1DAD2DE3003ECE0D /* Release */,
			);
			defaultConfigurationIsVisible = 0;
			defaultConfigurationName = Release;
		};
/* End XCConfigurationList section */
	};
	rootObject = 2E3948BD1DAD2DE3003ECE0D /* Project object */;
}
